
Microsoft Visual Studio Solution File, Format Version 12.00
# Visual Studio Version 17
VisualStudioVersion = 17.10.35004.147
MinimumVisualStudioVersion = 10.0.40219.1
Project("{FAE04EC0-301F-11D3-BF4B-00C04F79EFBC}") = "KrishiLink", "KrishiLink\KrishiLink.csproj", "{60687E94-7D75-4EE4-84CD-EF99FADAEC9B}"
EndProject
Global
	GlobalSection(SolutionConfigurationPlatforms) = preSolution
		Debug|Any CPU = Debug|Any CPU
		Release|Any CPU = Release|Any CPU
	EndGlobalSection
	GlobalSection(ProjectConfigurationPlatforms) = postSolution
		{60687E94-7D75-4EE4-84CD-EF99FADAEC9B}.Debug|Any CPU.ActiveCfg = Debug|Any CPU
		{60687E94-7D75-4EE4-84CD-EF99FADAEC9B}.Debug|Any CPU.Build.0 = Debug|Any CPU
		{60687E94-7D75-4EE4-84CD-EF99FADAEC9B}.Release|Any CPU.ActiveCfg = Release|Any CPU
		{60687E94-7D75-4EE4-84CD-EF99FADAEC9B}.Release|Any CPU.Build.0 = Release|Any CPU
	EndGlobalSection
	GlobalSection(SolutionProperties) = preSolution
		HideSolutionNode = FALSE
	EndGlobalSection
	GlobalSection(ExtensibilityGlobals) = postSolution
		SolutionGuid = {F4542B36-D3FA-4BBE-9B26-FBB4F0F3AF62}
	EndGlobalSection
EndGlobal
